# THIS IS AN AUTOGENERATED FILE. DO NOT EDIT THIS FILE DIRECTLY.
# yarn lockfile v1


"@tasoskakour/react-use-oauth2@^2.0.0":
  version "2.0.0"
  resolved "https://registry.yarnpkg.com/@tasoskakour/react-use-oauth2/-/react-use-oauth2-2.0.0.tgz#eab0f8110e178069e7a252d0879c81a3e8eb62b9"
  integrity sha512-QIrX01S7Iu9JjvZNTcW9DlGP6a3WI8veMc1uBBWM5Fn4wTsQKArm4zFBIeLnlnrUM793YgKrTm8bw2LMVJxNYw==
  dependencies:
    use-local-storage-state "^18.3.3"

use-local-storage-state@^18.3.3:
  version "18.3.3"
  resolved "https://registry.yarnpkg.com/use-local-storage-state/-/use-local-storage-state-18.3.3.tgz#26be3ff48dcf89b2f332d1684167156cc6123d2a"
  integrity sha512-SwwW6LPbxf3q5XimJyYE2jBefpvEJTjAgBO47wCs0+ZkL/Hx8heF/0wtBJ7Df0SiSwyfNDIPHo+8Z3q569jlow==
